<?xml version="1.0" encoding="utf-8"?>
<Project ToolsVersion="4.0" xmlns="http://schemas.microsoft.com/developer/msbuild/2003">
  <ItemGroup>
    <ClCompile Include="Application.cpp" />
    <ClCompile Include="Main.cpp" />
    <ClCompile Include="ImGui\imgui.cpp">
      <Filter>imgui</Filter>
    </ClCompile>
    <ClCompile Include="ImGui\imgui_demo.cpp">
      <Filter>imgui</Filter>
    </ClCompile>
    <ClCompile Include="ImGui\imgui_draw.cpp">
      <Filter>imgui</Filter>
    </ClCompile>
    <ClCompile Include="ImGui\imgui_widgets.cpp">
      <Filter>imgui</Filter>
    </ClCompile>
    <ClCompile Include="ImGui\examples\imgui_impl_sdl.cpp">
      <Filter>imgui</Filter>
    </ClCompile>
    <ClCompile Include="ModuleCamera3D.cpp">
      <Filter>modules</Filter>
    </ClCompile>
    <ClCompile Include="ModuleInput.cpp">
      <Filter>modules</Filter>
    </ClCompile>
    <ClCompile Include="ModulePhysics3D.cpp">
      <Filter>modules</Filter>
    </ClCompile>
    <ClCompile Include="ModuleWindow.cpp">
      <Filter>modules</Filter>
    </ClCompile>
    <ClCompile Include="ModuleRenderer3D.cpp">
      <Filter>modules</Filter>
    </ClCompile>
    <ClCompile Include="ModuleSceneIntro.cpp">
      <Filter>modules</Filter>
    </ClCompile>
    <ClCompile Include="log.cpp">
      <Filter>tools</Filter>
    </ClCompile>
    <ClCompile Include="Timer.cpp">
      <Filter>tools</Filter>
    </ClCompile>
    <ClCompile Include="glmath.cpp">
      <Filter>helpers</Filter>
    </ClCompile>
    <ClCompile Include="Light.cpp">
      <Filter>helpers</Filter>
    </ClCompile>
    <ClCompile Include="PhysBody3D.cpp">
      <Filter>helpers</Filter>
    </ClCompile>
    <ClCompile Include="Primitive.cpp">
      <Filter>helpers</Filter>
    </ClCompile>
    <ClCompile Include="PhysVehicle3D.cpp">
      <Filter>helpers</Filter>
    </ClCompile>
    <ClCompile Include="ImGui\examples\imgui_impl_opengl3.cpp">
      <Filter>imgui</Filter>
    </ClCompile>
    <ClCompile Include="Color.cpp">
      <Filter>tools</Filter>
    </ClCompile>
  </ItemGroup>
  <ItemGroup>
    <ClInclude Include="Application.h" />
    <ClInclude Include="Globals.h" />
    <ClInclude Include="ImGui\imconfig.h">
      <Filter>imgui</Filter>
    </ClInclude>
    <ClInclude Include="ImGui\imgui.h">
      <Filter>imgui</Filter>
    </ClInclude>
    <ClInclude Include="ImGui\imgui_internal.h">
      <Filter>imgui</Filter>
    </ClInclude>
    <ClInclude Include="ImGui\examples\imgui_impl_sdl.h">
      <Filter>imgui</Filter>
    </ClInclude>
    <ClInclude Include="ImGui\imstb_truetype.h">
      <Filter>imgui</Filter>
    </ClInclude>
    <ClInclude Include="ImGui\imstb_textedit.h">
      <Filter>imgui</Filter>
    </ClInclude>
    <ClInclude Include="ImGui\imstb_rectpack.h">
      <Filter>imgui</Filter>
    </ClInclude>
    <ClInclude Include="Module.h">
      <Filter>modules</Filter>
    </ClInclude>
    <ClInclude Include="ModuleCamera3D.h">
      <Filter>modules</Filter>
    </ClInclude>
    <ClInclude Include="ModuleInput.h">
      <Filter>modules</Filter>
    </ClInclude>
    <ClInclude Include="ModulePhysics3D.h">
      <Filter>modules</Filter>
    </ClInclude>
    <ClInclude Include="ModuleWindow.h">
      <Filter>modules</Filter>
    </ClInclude>
    <ClInclude Include="ModuleSceneIntro.h">
      <Filter>modules</Filter>
    </ClInclude>
    <ClInclude Include="ModuleRenderer3D.h">
      <Filter>modules</Filter>
    </ClInclude>
    <ClInclude Include="p2Point.h">
      <Filter>tools</Filter>
    </ClInclude>
    <ClInclude Include="p2List.h">
      <Filter>tools</Filter>
    </ClInclude>
    <ClInclude Include="p2DynArray.h">
      <Filter>tools</Filter>
    </ClInclude>
    <ClInclude Include="Timer.h">
      <Filter>tools</Filter>
    </ClInclude>
    <ClInclude Include="glmath.h">
      <Filter>helpers</Filter>
    </ClInclude>
    <ClInclude Include="Light.h">
      <Filter>helpers</Filter>
    </ClInclude>
    <ClInclude Include="PhysBody3D.h">
      <Filter>helpers</Filter>
    </ClInclude>
    <ClInclude Include="Primitive.h">
      <Filter>helpers</Filter>
    </ClInclude>
    <ClInclude Include="PhysVehicle3D.h">
      <Filter>helpers</Filter>
    </ClInclude>
    <ClInclude Include="ImGui\examples\imgui_impl_opengl3.h">
      <Filter>imgui</Filter>
    </ClInclude>
    <ClInclude Include="Color.h">
      <Filter>tools</Filter>
    </ClInclude>
  </ItemGroup>
  <ItemGroup>
    <Filter Include="imgui">
      <UniqueIdentifier>{0f684449-1d3a-46e2-b6bb-1866f146da8d}</UniqueIdentifier>
    </Filter>
    <Filter Include="modules">
      <UniqueIdentifier>{29360e5f-ba55-43c2-ac9b-f63c40c2ce10}</UniqueIdentifier>
    </Filter>
    <Filter Include="tools">
      <UniqueIdentifier>{ac058573-54af-47d0-b4f4-ed735ca5d7d1}</UniqueIdentifier>
    </Filter>
    <Filter Include="helpers">
      <UniqueIdentifier>{01b1b626-b1ac-47e9-97d4-6566bc0f4a72}</UniqueIdentifier>
    </Filter>
  </ItemGroup>
</Project>